
Microsoft Visual Studio Solution File, Format Version 12.00
# Visual Studio 15
VisualStudioVersion = 15.0.28307.779
MinimumVisualStudioVersion = 10.0.40219.1
Project("{FAE04EC0-301F-11D3-BF4B-00C04F79EFBC}") = "EpiserverAlloyPassword", "EpiserverAlloyPassword.csproj", "{819D8D25-3A29-416E-8B3C-2DC19B1783AE}"
EndProject
Project("{FAE04EC0-301F-11D3-BF4B-00C04F79EFBC}") = "EPiServerPasswordReset", "..\EPiServerPasswordReset\EPiServerPasswordReset.csproj", "{8DA3E752-3A59-41F4-A1D7-8E93102A8E66}"
EndProject
Project("{2150E333-8FDC-42A3-9474-1A3956D46DE8}") = "Solution Items", "Solution Items", "{85BFA311-93B8-47C1-88C2-FCB730439C7C}"
	ProjectSection(SolutionItems) = preProject
		..\README.md = ..\README.md
	EndProjectSection
EndProject
Global
	GlobalSection(SolutionConfigurationPlatforms) = preSolution
		Debug|Any CPU = Debug|Any CPU
		Release|Any CPU = Release|Any CPU
	EndGlobalSection
	GlobalSection(ProjectConfigurationPlatforms) = postSolution
		{819D8D25-3A29-416E-8B3C-2DC19B1783AE}.Debug|Any CPU.ActiveCfg = Debug|Any CPU
		{819D8D25-3A29-416E-8B3C-2DC19B1783AE}.Debug|Any CPU.Build.0 = Debug|Any CPU
		{819D8D25-3A29-416E-8B3C-2DC19B1783AE}.Release|Any CPU.ActiveCfg = Release|Any CPU
		{819D8D25-3A29-416E-8B3C-2DC19B1783AE}.Release|Any CPU.Build.0 = Release|Any CPU
		{8DA3E752-3A59-41F4-A1D7-8E93102A8E66}.Debug|Any CPU.ActiveCfg = Debug|Any CPU
		{8DA3E752-3A59-41F4-A1D7-8E93102A8E66}.Debug|Any CPU.Build.0 = Debug|Any CPU
		{8DA3E752-3A59-41F4-A1D7-8E93102A8E66}.Release|Any CPU.ActiveCfg = Release|Any CPU
		{8DA3E752-3A59-41F4-A1D7-8E93102A8E66}.Release|Any CPU.Build.0 = Release|Any CPU
	EndGlobalSection
	GlobalSection(SolutionProperties) = preSolution
		HideSolutionNode = FALSE
	EndGlobalSection
	GlobalSection(ExtensibilityGlobals) = postSolution
		SolutionGuid = {C7A8E90C-69AF-44D4-A3BA-DC5AA973E6FE}
	EndGlobalSection
EndGlobal
